Microsoft Visual Studio Solution File, Format Version 12.00
# Visual Studio Version 17
VisualStudioVersion = 17.5.2.0
MinimumVisualStudioVersion = 10.0.40219.1
Project("{FAE04EC0-301F-11D3-BF4B-00C04F79EFBC}") = "ScoreSyncBackend", "ScoreSyncBackend\ScoreSyncBackend.csproj", "{24B577EF-BF15-E1E5-C44F-354A03BAAFD0}"
EndProject
Global
	GlobalSection(SolutionConfigurationPlatforms) = preSolution
		Debug|Any CPU = Debug|Any CPU
		Release|Any CPU = Release|Any CPU
	EndGlobalSection
	GlobalSection(ProjectConfigurationPlatforms) = postSolution
		{24B577EF-BF15-E1E5-C44F-354A03BAAFD0}.Debug|Any CPU.ActiveCfg = Debug|Any CPU
		{24B577EF-BF15-E1E5-C44F-354A03BAAFD0}.Debug|Any CPU.Build.0 = Debug|Any CPU
		{24B577EF-BF15-E1E5-C44F-354A03BAAFD0}.Release|Any CPU.ActiveCfg = Release|Any CPU
		{24B577EF-BF15-E1E5-C44F-354A03BAAFD0}.Release|Any CPU.Build.0 = Release|Any CPU
	EndGlobalSection
	GlobalSection(SolutionProperties) = preSolution
		HideSolutionNode = FALSE
	EndGlobalSection
	GlobalSection(ExtensibilityGlobals) = postSolution
		SolutionGuid = {A09CC47C-2C00-444C-AF7D-9C440D0AC2D6}
	EndGlobalSection
EndGlobal
